{
  "nodes": {
    "agenix": {
      "inputs": {
        "darwin": [
          "darwin"
        ],
        "home-manager": [
          "home-manager"
        ],
        "nixpkgs": [
          "nixpkgs"
        ],
        "systems": [
          "systems"
        ]
      },
      "locked": {
        "lastModified": 1750173260,
        "narHash": "sha256-9P1FziAwl5+3edkfFcr5HeGtQUtrSdk/MksX39GieoA=",
        "owner": "ryantm",
        "repo": "agenix",
        "rev": "531beac616433bac6f9e2a19feb8e99a22a66baf",
        "type": "github"
      },
      "original": {
        "owner": "ryantm",
        "repo": "agenix",
        "type": "github"
      }
    },
    "ags": {
      "inputs": {
        "astal": [
          "astal"
        ],
        "nixpkgs": [
          "nixpkgs"
        ]
      },
      "locked": {
        "lastModified": 1744557573,
        "narHash": "sha256-XAyj0iDuI51BytJ1PwN53uLpzTDdznPDQFG4RwihlTQ=",
        "owner": "Aylur",
        "repo": "ags",
        "rev": "3ed9737bdbc8fc7a7c7ceef2165c9109f336bff6",
        "type": "github"
      },
      "original": {
        "owner": "Aylur",
        "repo": "ags",
        "type": "github"
      }
    },
    "aquamarine": {
      "inputs": {
        "hyprutils": [
          "hyprutils"
        ],
        "hyprwayland-scanner": [
          "hyprwayland-scanner"
        ],
        "nixpkgs": [
          "nixpkgs"
        ],
        "systems": [
          "systems-linux"
        ]
      },
      "locked": {
        "lastModified": 1750372185,
        "narHash": "sha256-lVBKxd9dsZOH1fA6kSE5WNnt8e+09fN+NL/Q3BjTWHY=",
        "owner": "hyprwm",
        "repo": "aquamarine",
        "rev": "7cef49d261cbbe537e8cb662485e76d29ac4cbca",
        "type": "github"
      },
      "original": {
        "owner": "hyprwm",
        "repo": "aquamarine",
        "type": "github"
      }
    },
    "astal": {
      "inputs": {
        "nixpkgs": [
          "nixpkgs"
        ]
      },
      "locked": {
        "lastModified": 1750698959,
        "narHash": "sha256-8P21Czb4goeBIyo3U/kpRNerDZ+VxE8J2jiGYOPlGmk=",
        "owner": "Aylur",
        "repo": "astal",
        "rev": "36f1dafe8f298a275c20032c37bd135aa955e4ba",
        "type": "github"
      },
      "original": {
        "owner": "Aylur",
        "repo": "astal",
        "type": "github"
      }
    },
    "catppuccin": {
      "inputs": {
        "nixpkgs": [
          "nixpkgs"
        ]
      },
      "locked": {
        "lastModified": 1750153510,
        "narHash": "sha256-NYHXXJZ9m4fJpKk9tKn/EExX87SqcBcRINOGF7hKRLI=",
        "owner": "catppuccin",
        "repo": "nix",
        "rev": "4e95eaf8a351956d75cc400318579967ca2b6d0f",
        "type": "github"
      },
      "original": {
        "owner": "catppuccin",
        "repo": "nix",
        "type": "github"
      }
    },
    "crane": {
      "locked": {
        "lastModified": 1748970125,
        "narHash": "sha256-UDyigbDGv8fvs9aS95yzFfOKkEjx1LO3PL3DsKopohA=",
        "owner": "ipetkov",
        "repo": "crane",
        "rev": "323b5746d89e04b22554b061522dfce9e4c49b18",
        "type": "github"
      },
      "original": {
        "owner": "ipetkov",
        "repo": "crane",
        "type": "github"
      }
    },
    "darwin": {
      "inputs": {
        "nixpkgs": [
          "nixpkgs"
        ]
      },
      "locked": {
        "lastModified": 1750618568,
        "narHash": "sha256-w9EG5FOXrjXGfbqCcQg9x1lMnTwzNDW5BMXp8ddy15E=",
        "owner": "LnL7",
        "repo": "nix-darwin",
        "rev": "1dd19f19e4b53a1fd2e8e738a08dd5fe635ec7e5",
        "type": "github"
      },
      "original": {
        "owner": "LnL7",
        "repo": "nix-darwin",
        "type": "github"
      }
    },
    "determinate-nixd-x86_64-linux": {
      "flake": false,
      "locked": {
        "narHash": "sha256-mcBD5mliHui0BEXg64cgQbLSKMWJBydHvDCleBDnNsU=",
        "type": "file",
        "url": "https://install.determinate.systems/determinate-nixd/tag/v3.6.7/x86_64-linux"
      },
      "original": {
        "type": "file",
        "url": "https://install.determinate.systems/determinate-nixd/tag/v3.6.7/x86_64-linux"
      }
    },
    "disko": {
      "inputs": {
        "nixpkgs": [
          "nixpkgs"
        ]
      },
      "locked": {
        "lastModified": 1750680230,
        "narHash": "sha256-kD88T/NqmcgfOBFAwphN30ccaUdj6K6+LG0XdM2w2LA=",
        "owner": "nix-community",
        "repo": "disko",
        "rev": "8fd2d6c75009ac75f9a6fb18c33a239806778d01",
        "type": "github"
      },
      "original": {
        "owner": "nix-community",
        "repo": "disko",
        "type": "github"
      }
    },
    "firefox-addons": {
      "inputs": {
        "nixpkgs": [
          "nixpkgs"
        ]
      },
      "locked": {
        "dir": "pkgs/firefox-addons",
        "lastModified": 1750824237,
        "narHash": "sha256-jrJs7RMjB2P/V4y0n8qtN6EU5vId9W+6/le2XcRPg+4=",
        "owner": "rycee",
        "repo": "nur-expressions",
        "rev": "6d3d0527e3e273e9aaef9f5c433ef8046245fbb2",
        "type": "gitlab"
      },
      "original": {
        "dir": "pkgs/firefox-addons",
        "owner": "rycee",
        "repo": "nur-expressions",
        "type": "gitlab"
      }
    },
    "flake-compat": {
      "flake": false,
      "locked": {
        "lastModified": 1747046372,
        "narHash": "sha256-CIVLLkVgvHYbgI2UpXvIIBJ12HWgX+fjA8Xf8PUmqCY=",
        "owner": "edolstra",
        "repo": "flake-compat",
        "rev": "9100a0f413b0c601e0533d1d94ffd501ce2e7885",
        "type": "github"
      },
      "original": {
        "owner": "edolstra",
        "repo": "flake-compat",
        "type": "github"
      }
    },
    "flake-parts": {
      "inputs": {
        "nixpkgs-lib": [
          "nixpkgs"
        ]
      },
      "locked": {
        "lastModified": 1749398372,
        "narHash": "sha256-tYBdgS56eXYaWVW3fsnPQ/nFlgWi/Z2Ymhyu21zVM98=",
        "owner": "hercules-ci",
        "repo": "flake-parts",
        "rev": "9305fe4e5c2a6fcf5ba6a3ff155720fbe4076569",
        "type": "github"
      },
      "original": {
        "owner": "hercules-ci",
        "repo": "flake-parts",
        "type": "github"
      }
    },
    "flake-utils": {
      "inputs": {
        "systems": [
          "systems"
        ]
      },
      "locked": {
        "lastModified": 1731533236,
        "narHash": "sha256-l0KFg5HjrsfsO/JpG+r7fRrqm12kzFHyUHqHCVpMMbI=",
        "owner": "numtide",
        "repo": "flake-utils",
        "rev": "11707dc2f618dd54ca8739b309ec4fc024de578b",
        "type": "github"
      },
      "original": {
        "owner": "numtide",
        "repo": "flake-utils",
        "type": "github"
      }
    },
    "home-manager": {
      "inputs": {
        "nixpkgs": [
          "nixpkgs"
        ]
      },
      "locked": {
        "lastModified": 1750798083,
        "narHash": "sha256-DTCCcp6WCFaYXWKFRA6fiI2zlvOLCf5Vwx8+/0R8Wc4=",
        "owner": "nix-community",
        "repo": "home-manager",
        "rev": "ff31a4677c1a8ae506aa7e003a3dba08cb203f82",
        "type": "github"
      },
      "original": {
        "owner": "nix-community",
        "repo": "home-manager",
        "type": "github"
      }
    },
    "hyprcursor": {
      "inputs": {
        "hyprlang": [
          "hyprlang"
        ],
        "nixpkgs": [
          "nixpkgs"
        ],
        "systems": [
          "systems-linux"
        ]
      },
      "locked": {
        "lastModified": 1749155331,
        "narHash": "sha256-XR9fsI0zwLiFWfqi/pdS/VD+YNorKb3XIykgTg4l1nA=",
        "owner": "hyprwm",
        "repo": "hyprcursor",
        "rev": "45fcc10b4c282746d93ec406a740c43b48b4ef80",
        "type": "github"
      },
      "original": {
        "owner": "hyprwm",
        "repo": "hyprcursor",
        "type": "github"
      }
    },
    "hyprgraphics": {
      "inputs": {
        "hyprutils": [
          "hyprutils"
        ],
        "nixpkgs": [
          "nixpkgs"
        ],
        "systems": [
          "systems-linux"
        ]
      },
      "locked": {
        "lastModified": 1750621377,
        "narHash": "sha256-8u6b5oAdX0rCuoR8wFenajBRmI+mzbpNig6hSCuWUzE=",
        "owner": "hyprwm",
        "repo": "hyprgraphics",
        "rev": "b3d628d01693fb9bb0a6690cd4e7b80abda04310",
        "type": "github"
      },
      "original": {
        "owner": "hyprwm",
        "repo": "hyprgraphics",
        "type": "github"
      }
    },
    "hypridle": {
      "inputs": {
        "hyprland-protocols": [
          "hyprland-protocols"
        ],
        "hyprlang": [
          "hyprlang"
        ],
        "hyprutils": [
          "hyprutils"
        ],
        "hyprwayland-scanner": [
          "hyprwayland-scanner"
        ],
        "nixpkgs": [
          "nixpkgs"
        ],
        "systems": [
          "systems-linux"
        ]
      },
      "locked": {
        "lastModified": 1750503503,
        "narHash": "sha256-UWxbL6a81GWBg990pcct1dzm4HuWIEd1Q6mpV7bHrnM=",
        "owner": "hyprwm",
        "repo": "hypridle",
        "rev": "25578b71370d1ba7bf08127ca4b0959452df4d04",
        "type": "github"
      },
      "original": {
        "owner": "hyprwm",
        "repo": "hypridle",
        "type": "github"
      }
    },
    "hyprland": {
      "inputs": {
        "aquamarine": [
          "aquamarine"
        ],
        "hyprcursor": [
          "hyprcursor"
        ],
        "hyprgraphics": [
          "hyprgraphics"
        ],
        "hyprland-protocols": [
          "hyprland-protocols"
        ],
        "hyprland-qtutils": [
          "hyprland-qtutils"
        ],
        "hyprlang": [
          "hyprlang"
        ],
        "hyprutils": [
          "hyprutils"
        ],
        "hyprwayland-scanner": [
          "hyprwayland-scanner"
        ],
        "nixpkgs": [
          "nixpkgs"
        ],
        "pre-commit-hooks": [],
        "systems": [
          "systems-linux"
        ],
        "xdph": [
          "xdph"
        ]
      },
      "locked": {
        "lastModified": 1750848152,
        "narHash": "sha256-m7DxFbU9YgPxFlQ6iH6zDreXT3IfUVxZZAdkdvN9yz8=",
        "owner": "hyprwm",
        "repo": "Hyprland",
        "rev": "f4f090e4b2f9f0bba5408cbd135d2fff1990be1d",
        "type": "github"
      },
      "original": {
        "owner": "hyprwm",
        "repo": "Hyprland",
        "type": "github"
      }
    },
    "hyprland-protocols": {
      "inputs": {
        "nixpkgs": [
          "nixpkgs"
        ],
        "systems": [
          "systems-linux"
        ]
      },
      "locked": {
        "lastModified": 1749046714,
        "narHash": "sha256-kymV5FMnddYGI+UjwIw8ceDjdeg7ToDVjbHCvUlhn14=",
        "owner": "hyprwm",
        "repo": "hyprland-protocols",
        "rev": "613878cb6f459c5e323aaafe1e6f388ac8a36330",
        "type": "github"
      },
      "original": {
        "owner": "hyprwm",
        "repo": "hyprland-protocols",
        "type": "github"
      }
    },
    "hyprland-qt-support": {
      "inputs": {
        "hyprlang": [
          "hyprlang"
        ],
        "nixpkgs": [
          "nixpkgs"
        ],
        "systems": [
          "systems-linux"
        ]
      },
      "locked": {
        "lastModified": 1749154592,
        "narHash": "sha256-DO7z5CeT/ddSGDEnK9mAXm1qlGL47L3VAHLlLXoCjhE=",
        "owner": "hyprwm",
        "repo": "hyprland-qt-support",
        "rev": "4c8053c3c888138a30c3a6c45c2e45f5484f2074",
        "type": "github"
      },
      "original": {
        "owner": "hyprwm",
        "repo": "hyprland-qt-support",
        "type": "github"
      }
    },
    "hyprland-qtutils": {
      "inputs": {
        "hyprland-qt-support": [
          "hyprland-qt-support"
        ],
        "hyprlang": [
          "hyprlang"
        ],
        "hyprutils": [
          "hyprutils"
        ],
        "nixpkgs": [
          "nixpkgs"
        ],
        "systems": [
          "systems-linux"
        ]
      },
      "locked": {
        "lastModified": 1750371812,
        "narHash": "sha256-D868K1dVEACw17elVxRgXC6hOxY+54wIEjURztDWLk8=",
        "owner": "hyprwm",
        "repo": "hyprland-qtutils",
        "rev": "b13c7481e37856f322177010bdf75fccacd1adc8",
        "type": "github"
      },
      "original": {
        "owner": "hyprwm",
        "repo": "hyprland-qtutils",
        "type": "github"
      }
    },
    "hyprlang": {
      "inputs": {
        "hyprutils": [
          "hyprutils"
        ],
        "nixpkgs": [
          "nixpkgs"
        ],
        "systems": [
          "systems-linux"
        ]
      },
      "locked": {
        "lastModified": 1750371198,
        "narHash": "sha256-/iuJ1paQOBoSLqHflRNNGyroqfF/yvPNurxzcCT0cAE=",
        "owner": "hyprwm",
        "repo": "hyprlang",
        "rev": "cee01452bca58d6cadb3224e21e370de8bc20f0b",
        "type": "github"
      },
      "original": {
        "owner": "hyprwm",
        "repo": "hyprlang",
        "type": "github"
      }
    },
    "hyprlock": {
      "inputs": {
        "hyprgraphics": [
          "hyprgraphics"
        ],
        "hyprlang": [
          "hyprlang"
        ],
        "hyprutils": [
          "hyprutils"
        ],
        "hyprwayland-scanner": [
          "hyprwayland-scanner"
        ],
        "nixpkgs": [
          "nixpkgs"
        ],
        "systems": [
          "systems-linux"
        ]
      },
      "locked": {
        "lastModified": 1750577079,
        "narHash": "sha256-KX7nCVTBEMy75mTqZG/GadOSP717HhVv2aSc1sGPTx8=",
        "owner": "hyprwm",
        "repo": "hyprlock",
        "rev": "a9638986c31ab74fd95e83057f7cdd5187747ec7",
        "type": "github"
      },
      "original": {
        "owner": "hyprwm",
        "repo": "hyprlock",
        "type": "github"
      }
    },
    "hyprpaper": {
      "inputs": {
        "hyprgraphics": [
          "hyprgraphics"
        ],
        "hyprlang": [
          "hyprlang"
        ],
        "hyprutils": [
          "hyprutils"
        ],
        "hyprwayland-scanner": [
          "hyprwayland-scanner"
        ],
        "nixpkgs": [
          "nixpkgs"
        ],
        "systems": [
          "systems-linux"
        ]
      },
      "locked": {
        "lastModified": 1750621577,
        "narHash": "sha256-F/E2WQFl8IolTrf4mHNzRIvHw3ss1/Ciztzwtdi8NuU=",
        "owner": "hyprwm",
        "repo": "hyprpaper",
        "rev": "a88e0e066eb3a5a3187aec7532e49b61ab73e165",
        "type": "github"
      },
      "original": {
        "owner": "hyprwm",
        "repo": "hyprpaper",
        "type": "github"
      }
    },
    "hyprpolkitagent": {
      "inputs": {
        "hyprland-qt-support": [
          "hyprland-qt-support"
        ],
        "hyprutils": [
          "hyprutils"
        ],
        "nixpkgs": [
          "nixpkgs"
        ],
        "systems": [
          "systems-linux"
        ]
      },
      "locked": {
        "lastModified": 1750372026,
        "narHash": "sha256-TNK4bEM5vnbN0lj1zTjWYMrUFzjXq7ytkEMGaKP7czM=",
        "owner": "hyprwm",
        "repo": "hyprpolkitagent",
        "rev": "5f8de19fd0d723c421fc7892f5d2a2ac76994066",
        "type": "github"
      },
      "original": {
        "owner": "hyprwm",
        "repo": "hyprpolkitagent",
        "type": "github"
      }
    },
    "hyprutils": {
      "inputs": {
        "nixpkgs": [
          "nixpkgs"
        ],
        "systems": [
          "systems-linux"
        ]
      },
      "locked": {
        "lastModified": 1750873284,
        "narHash": "sha256-k+Ch7nfBNx0mnUoj9bASWQtRqsEGGT0L9Q0GaJfwumQ=",
        "owner": "hyprwm",
        "repo": "hyprutils",
        "rev": "925f26633fb0a5ca8f11884c1bbf82e96c22e34b",
        "type": "github"
      },
      "original": {
        "owner": "hyprwm",
        "repo": "hyprutils",
        "type": "github"
      }
    },
    "hyprwayland-scanner": {
      "inputs": {
        "nixpkgs": [
          "nixpkgs"
        ],
        "systems": [
          "systems-linux"
        ]
      },
      "locked": {
        "lastModified": 1750371869,
        "narHash": "sha256-lGk4gLjgZQ/rndUkzmPYcgbHr8gKU5u71vyrjnwfpB4=",
        "owner": "hyprwm",
        "repo": "hyprwayland-scanner",
        "rev": "aa38edd6e3e277ae6a97ea83a69261a5c3aab9fd",
        "type": "github"
      },
      "original": {
        "owner": "hyprwm",
        "repo": "hyprwayland-scanner",
        "type": "github"
      }
    },
    "impermanence": {
      "locked": {
        "lastModified": 1737831083,
        "narHash": "sha256-LJggUHbpyeDvNagTUrdhe/pRVp4pnS6wVKALS782gRI=",
        "owner": "nix-community",
        "repo": "impermanence",
        "rev": "4b3e914cdf97a5b536a889e939fb2fd2b043a170",
        "type": "github"
      },
      "original": {
        "owner": "nix-community",
        "repo": "impermanence",
        "type": "github"
      }
    },
    "lanzaboote": {
      "inputs": {
        "crane": "crane",
        "flake-compat": [
          "flake-compat"
        ],
        "flake-parts": [
          "flake-parts"
        ],
        "nixpkgs": [
          "nixpkgs"
        ],
        "pre-commit-hooks-nix": [],
        "rust-overlay": "rust-overlay"
      },
      "locked": {
        "lastModified": 1750096778,
        "narHash": "sha256-XmP8xCT7+6txucIFFZaBO1d4QHo3cKs+EpRn3gmOalM=",
        "owner": "matthewpi",
        "repo": "lanzaboote",
        "rev": "a2dc126d20575a3bf3a1c3054f8ce7efeae61e26",
        "type": "github"
      },
      "original": {
        "owner": "matthewpi",
        "ref": "fixes",
        "repo": "lanzaboote",
        "type": "github"
      }
    },
    "nix": {
      "inputs": {
        "flake-parts": [
          "flake-parts"
        ],
        "git-hooks-nix": [],
        "nixpkgs": [
          "nixpkgs"
        ],
        "nixpkgs-23-11": [],
        "nixpkgs-regression": []
      },
      "locked": {
        "lastModified": 1750774158,
        "narHash": "sha256-3JtVZilOddowCXzGEy/CprNF8eMZkKCweqe07KBhE3Y=",
        "owner": "DeterminateSystems",
        "repo": "nix-src",
        "rev": "c224b8359c978d378e3cea3a6782f2ee796ddb13",
        "type": "github"
      },
      "original": {
        "owner": "DeterminateSystems",
        "ref": "v3.6.7",
        "repo": "nix-src",
        "type": "github"
      }
    },
    "nix-gaming": {
      "inputs": {
        "flake-parts": [
          "flake-parts"
        ],
        "nixpkgs": [
          "nixpkgs"
        ]
      },
      "locked": {
        "lastModified": 1750816932,
        "narHash": "sha256-93dN5ieDQ1VTUCbTCf2WHogjUu3pPk9iLmCQpdQk6R0=",
        "owner": "fufexan",
        "repo": "nix-gaming",
        "rev": "b630fd69c213f3a92ef799ba8169ed2926731c0f",
        "type": "github"
      },
      "original": {
        "owner": "fufexan",
        "repo": "nix-gaming",
        "type": "github"
      }
    },
    "nix-index-database": {
      "inputs": {
        "nixpkgs": [
          "nixpkgs"
        ]
      },
      "locked": {
        "lastModified": 1750565152,
        "narHash": "sha256-A6ZIoIgaPPkzIVxKuaxwEJicPOeTwC/MD9iuC3FVhDM=",
        "owner": "nix-community",
        "repo": "nix-index-database",
        "rev": "78cd697acc2e492b4e92822a4913ffad279c20e6",
        "type": "github"
      },
      "original": {
        "owner": "nix-community",
        "repo": "nix-index-database",
        "type": "github"
      }
    },
    "nixos-hardware": {
      "locked": {
        "lastModified": 1750837715,
        "narHash": "sha256-2m1ceZjbmgrJCZ2PuQZaK4in3gcg3o6rZ7WK6dr5vAA=",
        "owner": "NixOS",
        "repo": "nixos-hardware",
        "rev": "98236410ea0fe204d0447149537a924fb71a6d4f",
        "type": "github"
      },
      "original": {
        "owner": "NixOS",
        "repo": "nixos-hardware",
        "type": "github"
      }
    },
    "nixpkgs": {
      "locked": {
        "lastModified": 1750741721,
        "narHash": "sha256-Z0djmTa1YmnGMfE9jEe05oO4zggjDmxOGKwt844bUhE=",
        "owner": "NixOS",
        "repo": "nixpkgs",
        "rev": "4b1164c3215f018c4442463a27689d973cffd750",
        "type": "github"
      },
      "original": {
        "owner": "NixOS",
        "ref": "nixos-unstable",
        "repo": "nixpkgs",
        "type": "github"
      }
    },
    "root": {
      "inputs": {
        "agenix": "agenix",
        "ags": "ags",
        "aquamarine": "aquamarine",
        "astal": "astal",
        "catppuccin": "catppuccin",
        "darwin": "darwin",
        "determinate-nixd-x86_64-linux": "determinate-nixd-x86_64-linux",
        "disko": "disko",
        "firefox-addons": "firefox-addons",
        "flake-compat": "flake-compat",
        "flake-parts": "flake-parts",
        "flake-utils": "flake-utils",
        "home-manager": "home-manager",
        "hyprcursor": "hyprcursor",
        "hyprgraphics": "hyprgraphics",
        "hypridle": "hypridle",
        "hyprland": "hyprland",
        "hyprland-protocols": "hyprland-protocols",
        "hyprland-qt-support": "hyprland-qt-support",
        "hyprland-qtutils": "hyprland-qtutils",
        "hyprlang": "hyprlang",
        "hyprlock": "hyprlock",
        "hyprpaper": "hyprpaper",
        "hyprpolkitagent": "hyprpolkitagent",
        "hyprutils": "hyprutils",
        "hyprwayland-scanner": "hyprwayland-scanner",
        "impermanence": "impermanence",
        "lanzaboote": "lanzaboote",
        "nix": "nix",
        "nix-gaming": "nix-gaming",
        "nix-index-database": "nix-index-database",
        "nixos-hardware": "nixos-hardware",
        "nixpkgs": "nixpkgs",
        "systems": "systems",
        "systems-linux": "systems-linux",
        "treefmt-nix": "treefmt-nix",
        "xdph": "xdph"
      }
    },
    "rust-overlay": {
      "inputs": {
        "nixpkgs": [
          "lanzaboote",
          "nixpkgs"
        ]
      },
      "locked": {
        "lastModified": 1749436897,
        "narHash": "sha256-OkDtaCGQQVwVFz5HWfbmrMJR99sFIMXHCHEYXzUJEJY=",
        "owner": "oxalica",
        "repo": "rust-overlay",
        "rev": "e7876c387e35dc834838aff254d8e74cf5bd4f19",
        "type": "github"
      },
      "original": {
        "owner": "oxalica",
        "repo": "rust-overlay",
        "type": "github"
      }
    },
    "systems": {
      "locked": {
        "lastModified": 1681028828,
        "narHash": "sha256-Vy1rq5AaRuLzOxct8nz4T6wlgyUR7zLU309k9mBC768=",
        "owner": "nix-systems",
        "repo": "default",
        "rev": "da67096a3b9bf56a91d16901293e51ba5b49a27e",
        "type": "github"
      },
      "original": {
        "owner": "nix-systems",
        "repo": "default",
        "type": "github"
      }
    },
    "systems-linux": {
      "locked": {
        "lastModified": 1689347949,
        "narHash": "sha256-12tWmuL2zgBgZkdoB6qXZsgJEH9LR3oUgpaQq2RbI80=",
        "owner": "nix-systems",
        "repo": "default-linux",
        "rev": "31732fcf5e8fea42e59c2488ad31a0e651500f68",
        "type": "github"
      },
      "original": {
        "owner": "nix-systems",
        "repo": "default-linux",
        "type": "github"
      }
    },
    "treefmt-nix": {
      "inputs": {
        "nixpkgs": [
          "nixpkgs"
        ]
      },
      "locked": {
        "lastModified": 1749194973,
        "narHash": "sha256-eEy8cuS0mZ2j/r/FE0/LYBSBcIs/MKOIVakwHVuqTfk=",
        "owner": "numtide",
        "repo": "treefmt-nix",
        "rev": "a05be418a1af1198ca0f63facb13c985db4cb3c5",
        "type": "github"
      },
      "original": {
        "owner": "numtide",
        "repo": "treefmt-nix",
        "type": "github"
      }
    },
    "xdph": {
      "inputs": {
        "hyprland-protocols": [
          "hyprland-protocols"
        ],
        "hyprlang": [
          "hyprlang"
        ],
        "hyprutils": [
          "hyprutils"
        ],
        "hyprwayland-scanner": [
          "hyprwayland-scanner"
        ],
        "nixpkgs": [
          "nixpkgs"
        ],
        "systems": [
          "systems-linux"
        ]
      },
      "locked": {
        "lastModified": 1750372504,
        "narHash": "sha256-VBeZb1oqZM1cqCAZnFz/WyYhO8aF/ImagI7WWg/Z3Og=",
        "owner": "hyprwm",
        "repo": "xdg-desktop-portal-hyprland",
        "rev": "400308fc4f9d12e0a93e483c2e7a649e12af1a92",
        "type": "github"
      },
      "original": {
        "owner": "hyprwm",
        "repo": "xdg-desktop-portal-hyprland",
        "type": "github"
      }
    }
  },
  "root": "root",
  "version": 7
}
