lockfileVersion: '9.0'

settings:
  autoInstallPeers: true
  excludeLinksFromLockfile: false

importers:

  .:
    devDependencies:
      '@catppuccin/palette':
        specifier: 1.2.0
        version: 1.2.0
      '@girs/atk-1.0':
        specifier: 2.50.1-3.3.0
        version: 2.50.1-3.3.0
      '@girs/cairo-1.0':
        specifier: 1.0.0-3.3.0
        version: 1.0.0-3.3.0
      '@girs/dbusmenu-0.4':
        specifier: 0.4.0-3.3.0
        version: 0.4.0-3.3.0
      '@girs/dbusmenugtk3-0.4':
        specifier: 0.4.0-3.3.0
        version: 0.4.0-3.3.0
      '@girs/freetype2-2.0':
        specifier: 2.0.0-3.3.0
        version: 2.0.0-3.3.0
      '@girs/gdk-2.0':
        specifier: 2.0.0-3.3.0
        version: 2.0.0-3.3.0
      '@girs/gdk-3.0':
        specifier: 3.24.41-3.3.0
        version: 3.24.41-3.3.0
      '@girs/gdkpixbuf-2.0':
        specifier: 2.0.0-3.3.0
        version: 2.0.0-3.3.0
      '@girs/gio-2.0':
        specifier: 2.78.0-3.3.0
        version: 2.78.0-3.3.0
      '@girs/gjs':
        specifier: 3.3.0
        version: 3.3.0
      '@girs/glib-2.0':
        specifier: 2.78.0-3.3.0
        version: 2.78.0-3.3.0
      '@girs/gmodule-2.0':
        specifier: 2.0.0-3.3.0
        version: 2.0.0-3.3.0
      '@girs/gobject-2.0':
        specifier: 2.78.0-3.3.0
        version: 2.78.0-3.3.0
      '@girs/gtk-3.0':
        specifier: 3.24.41-3.3.0
        version: 3.24.41-3.3.0
      '@girs/gvc-1.0':
        specifier: 1.0.0-3.3.0
        version: 1.0.0-3.3.0
      '@girs/nm-1.0':
        specifier: 1.45.1-3.3.0
        version: 1.45.1-3.3.0
      '@girs/notify-0.7':
        specifier: 0.8.3-3.3.0
        version: 0.8.3-3.3.0
      '@girs/pango-1.0':
        specifier: 1.51.0-3.3.0
        version: 1.51.0-3.3.0
      '@girs/soup-3.0':
        specifier: 3.4.4-3.3.0
        version: 3.4.4-3.3.0
      '@girs/xlib-2.0':
        specifier: 2.0.0-3.3.0
        version: 2.0.0-3.3.0
      typescript:
        specifier: 5.5.2
        version: 5.5.2

packages:

  '@catppuccin/palette@1.2.0':
    resolution: {integrity: sha512-R5fxLcU47mRcsdQkXZBNfxt7SdEqLGWb1qhEKBrnYfEB4ZWOQRBEow4e78PKxaFUECBNOs6uEkwvwxFL9FmQqQ==}

  '@girs/atk-1.0@2.50.1-3.3.0':
    resolution: {integrity: sha512-D/25tpR8cezt6DXjAHJgKRylv8LCU7wwErmxoULVbTMyLACyJmhfPVo+bht2z68NQskyKK+5Np/fl2ZM/lRU4A==}

  '@girs/cairo-1.0@1.0.0-3.3.0':
    resolution: {integrity: sha512-T879xrAa+V4T+uphu1niSnF2KTMMB+OSE5iH3iJbH8vq+HZJfo5YB1Kih6KWYByVLcqs+S/zLpK3Q/R5Ut4XaA==}

  '@girs/dbusmenu-0.4@0.4.0-3.3.0':
    resolution: {integrity: sha512-stgIYagNjD3AEPfaEDbftXecJ1Md/h0frfMNGg99eZrR+7pB2TV1UIfiAnin3i7l1PQJEZBqbPaMWD9SHcXQ5Q==}

  '@girs/dbusmenugtk3-0.4@0.4.0-3.3.0':
    resolution: {integrity: sha512-AWT9QzVcb5hnaDwHp59rBl+NcBphWUPH16r1GxDF5f+BFBPqibVwnRwjKG53RxVDHRfJCE8itaIwsgUQBGC8lg==}

  '@girs/freetype2-2.0@2.0.0-3.3.0':
    resolution: {integrity: sha512-kysYooLkRbHVIYnQxzljaakt9R/daRG3Po704+0jH6X8W/JBxiWOaHNglNFYC7wfynYTwxnGmOG/5oXLSdS64g==}

  '@girs/gdk-2.0@2.0.0-3.3.0':
    resolution: {integrity: sha512-V6GuWxAFVWaoLJXW2qdIGwyAS/wHNZO3Uxiz2/X2lzdDjNA0LJFnNHviuainedMNLvDzELU2gKhGZw07UxapCw==}

  '@girs/gdk-3.0@3.24.41-3.3.0':
    resolution: {integrity: sha512-X4IutYZFwAsxV3hc84i4JtjTUGXqeErFXVCGzTWZnaoHnHF03keDltcJNMQmyxgsOv33V3+yywpWckftXrvkaQ==}

  '@girs/gdkpixbuf-2.0@2.0.0-3.3.0':
    resolution: {integrity: sha512-hdgb16YgkT70h9A7243XatjL6kooLoJ8VT0rPwC/tjE8MXcG4mpcC1RliRLrASPozUcB2pDuM17VsTSBUJYBcg==}

  '@girs/gio-2.0@2.78.0-3.3.0':
    resolution: {integrity: sha512-39VvlB9Mzikh39cR80VMbsNxW4TG9axCKQwzAtEEwaSmvj6PzOo7KpGQ4/prRH98F1mAKQ1muLWz4H3A+zz3NA==}

  '@girs/gjs@3.3.0':
    resolution: {integrity: sha512-5cQaouORn53vLM+cFAEOzJuzcm47eH86R2OGUgrHIL4KT7sEm+BKkhqlI67m+iJUMl/I72P2Hfe+Am4jl0YxlQ==}

  '@girs/glib-2.0@2.78.0-3.3.0':
    resolution: {integrity: sha512-XuoKuOm9aNVou+yWtlbcwEcNI7v1gCJUBQboPlZxft+o9CnP2FmwRntqZnfhZepGmLbASMA8Ow5iEL8glNwVsw==}

  '@girs/gmodule-2.0@2.0.0-3.3.0':
    resolution: {integrity: sha512-laYKNuio+V14PwjYZZ2K86BpotIf9IlnGJwsaS9iHHjLPCTY3Uq38DTV2ahnyTY7C9K25JT25UFXh2hPfYudqw==}

  '@girs/gobject-2.0@2.78.0-3.3.0':
    resolution: {integrity: sha512-s6IpE1o9uAf8kZgncWjdYerErhWXgszIFHXEvvyKR8csI36SFD730CqJRiCepP2okoJmD0Vi3jrnuq5jb8wIMA==}

  '@girs/gtk-3.0@3.24.41-3.3.0':
    resolution: {integrity: sha512-axc2OCwIWIWkUf8P5k3OfVeConWfyRjUm7gGVp3vYChHqZwGzK+5Aih6xasAnqDFsEpUbvVKc/EoYQbi28o/Hg==}

  '@girs/gvc-1.0@1.0.0-3.3.0':
    resolution: {integrity: sha512-ub/pm6D7+EpL9KUHj+QICs1kASfUICWrMvV9qsDqz0VXcgFwx3/gpC2pc/BU4knjqCyAA8hqCIIma0A3I7eeiA==}

  '@girs/harfbuzz-0.0@8.2.1-3.3.0':
    resolution: {integrity: sha512-3KxPdBMNR2IDmJaEZEZ7DBw4gF0eylIJ57ZKOWRfGsSWauUhIHkNYRY7Ig8dL3kF62certdFZpaVXO44likjzQ==}

  '@girs/nm-1.0@1.45.1-3.3.0':
    resolution: {integrity: sha512-ebVtkiVzjxFNpzGv5IJHQmtObRIg8R5s49b4DGdLe1xI12FtWwMKmtF6PxsqHS+YMNaGZRZXsZLn0PrvukmOag==}

  '@girs/notify-0.7@0.8.3-3.3.0':
    resolution: {integrity: sha512-LqSK5ulqWjSDDpy1TDRLcNTIqcLSvRWPLSy7xyZNvDX+odkFSwgm0S3sJvDg9V7iA0KTrCwaplgoBAXA4mK5GQ==}

  '@girs/pango-1.0@1.51.0-3.3.0':
    resolution: {integrity: sha512-4Y7NOi2jE0MIiVv+ljYbGbG+wvQ6lQ08nD0UTy2Y1PQwro8wfZgS3JMDD9bZ00gq2hpTKqpPApCjFCE/ZYgzZQ==}

  '@girs/soup-3.0@3.4.4-3.3.0':
    resolution: {integrity: sha512-KDICwH2Cn097eUdphyetVqSGbj60yui2zfiJDuRjBU2MKnIQUelmrcMSZbFA7K0EUUg3i5i9bRN9j9bGTj/XLw==}

  '@girs/xlib-2.0@2.0.0-3.3.0':
    resolution: {integrity: sha512-OkU9DX8ojRWBq70Dw+z4GfP0yT/m0kKkU1ZxPDkTORwMQYMf7AuXHF3Kn2mJeeHhQUuj6nXWyzXnd9q7jHhvAg==}

  typescript@5.5.2:
    resolution: {integrity: sha512-NcRtPEOsPFFWjobJEtfihkLCZCXZt/os3zf8nTxjVH3RvTSxjrCamJpbExGvYOF+tFHc3pA65qpdwPbzjohhew==}
    engines: {node: '>=14.17'}
    hasBin: true

snapshots:

  '@catppuccin/palette@1.2.0': {}

  '@girs/atk-1.0@2.50.1-3.3.0':
    dependencies:
      '@girs/gjs': 3.3.0
      '@girs/glib-2.0': 2.78.0-3.3.0
      '@girs/gobject-2.0': 2.78.0-3.3.0

  '@girs/cairo-1.0@1.0.0-3.3.0':
    dependencies:
      '@girs/gjs': 3.3.0
      '@girs/glib-2.0': 2.78.0-3.3.0
      '@girs/gobject-2.0': 2.78.0-3.3.0

  '@girs/dbusmenu-0.4@0.4.0-3.3.0':
    dependencies:
      '@girs/gjs': 3.3.0
      '@girs/glib-2.0': 2.78.0-3.3.0
      '@girs/gobject-2.0': 2.78.0-3.3.0

  '@girs/dbusmenugtk3-0.4@0.4.0-3.3.0':
    dependencies:
      '@girs/atk-1.0': 2.50.1-3.3.0
      '@girs/cairo-1.0': 1.0.0-3.3.0
      '@girs/dbusmenu-0.4': 0.4.0-3.3.0
      '@girs/freetype2-2.0': 2.0.0-3.3.0
      '@girs/gdk-3.0': 3.24.41-3.3.0
      '@girs/gdkpixbuf-2.0': 2.0.0-3.3.0
      '@girs/gio-2.0': 2.78.0-3.3.0
      '@girs/gjs': 3.3.0
      '@girs/glib-2.0': 2.78.0-3.3.0
      '@girs/gmodule-2.0': 2.0.0-3.3.0
      '@girs/gobject-2.0': 2.78.0-3.3.0
      '@girs/gtk-3.0': 3.24.41-3.3.0
      '@girs/harfbuzz-0.0': 8.2.1-3.3.0
      '@girs/pango-1.0': 1.51.0-3.3.0
      '@girs/xlib-2.0': 2.0.0-3.3.0

  '@girs/freetype2-2.0@2.0.0-3.3.0':
    dependencies:
      '@girs/gjs': 3.3.0
      '@girs/gobject-2.0': 2.78.0-3.3.0

  '@girs/gdk-2.0@2.0.0-3.3.0':
    dependencies:
      '@girs/cairo-1.0': 1.0.0-3.3.0
      '@girs/freetype2-2.0': 2.0.0-3.3.0
      '@girs/gdkpixbuf-2.0': 2.0.0-3.3.0
      '@girs/gio-2.0': 2.78.0-3.3.0
      '@girs/gjs': 3.3.0
      '@girs/glib-2.0': 2.78.0-3.3.0
      '@girs/gmodule-2.0': 2.0.0-3.3.0
      '@girs/gobject-2.0': 2.78.0-3.3.0
      '@girs/harfbuzz-0.0': 8.2.1-3.3.0
      '@girs/pango-1.0': 1.51.0-3.3.0

  '@girs/gdk-3.0@3.24.41-3.3.0':
    dependencies:
      '@girs/cairo-1.0': 1.0.0-3.3.0
      '@girs/freetype2-2.0': 2.0.0-3.3.0
      '@girs/gdkpixbuf-2.0': 2.0.0-3.3.0
      '@girs/gio-2.0': 2.78.0-3.3.0
      '@girs/gjs': 3.3.0
      '@girs/glib-2.0': 2.78.0-3.3.0
      '@girs/gmodule-2.0': 2.0.0-3.3.0
      '@girs/gobject-2.0': 2.78.0-3.3.0
      '@girs/harfbuzz-0.0': 8.2.1-3.3.0
      '@girs/pango-1.0': 1.51.0-3.3.0

  '@girs/gdkpixbuf-2.0@2.0.0-3.3.0':
    dependencies:
      '@girs/gio-2.0': 2.78.0-3.3.0
      '@girs/gjs': 3.3.0
      '@girs/glib-2.0': 2.78.0-3.3.0
      '@girs/gmodule-2.0': 2.0.0-3.3.0
      '@girs/gobject-2.0': 2.78.0-3.3.0

  '@girs/gio-2.0@2.78.0-3.3.0':
    dependencies:
      '@girs/gjs': 3.3.0
      '@girs/glib-2.0': 2.78.0-3.3.0
      '@girs/gobject-2.0': 2.78.0-3.3.0

  '@girs/gjs@3.3.0':
    dependencies:
      '@girs/glib-2.0': 2.78.0-3.3.0
      '@girs/gobject-2.0': 2.78.0-3.3.0

  '@girs/glib-2.0@2.78.0-3.3.0':
    dependencies:
      '@girs/gjs': 3.3.0
      '@girs/gobject-2.0': 2.78.0-3.3.0

  '@girs/gmodule-2.0@2.0.0-3.3.0':
    dependencies:
      '@girs/gjs': 3.3.0
      '@girs/glib-2.0': 2.78.0-3.3.0
      '@girs/gobject-2.0': 2.78.0-3.3.0

  '@girs/gobject-2.0@2.78.0-3.3.0':
    dependencies:
      '@girs/gjs': 3.3.0
      '@girs/glib-2.0': 2.78.0-3.3.0

  '@girs/gtk-3.0@3.24.41-3.3.0':
    dependencies:
      '@girs/atk-1.0': 2.50.1-3.3.0
      '@girs/cairo-1.0': 1.0.0-3.3.0
      '@girs/freetype2-2.0': 2.0.0-3.3.0
      '@girs/gdk-3.0': 3.24.41-3.3.0
      '@girs/gdkpixbuf-2.0': 2.0.0-3.3.0
      '@girs/gio-2.0': 2.78.0-3.3.0
      '@girs/gjs': 3.3.0
      '@girs/glib-2.0': 2.78.0-3.3.0
      '@girs/gmodule-2.0': 2.0.0-3.3.0
      '@girs/gobject-2.0': 2.78.0-3.3.0
      '@girs/harfbuzz-0.0': 8.2.1-3.3.0
      '@girs/pango-1.0': 1.51.0-3.3.0
      '@girs/xlib-2.0': 2.0.0-3.3.0

  '@girs/gvc-1.0@1.0.0-3.3.0':
    dependencies:
      '@girs/gio-2.0': 2.78.0-3.3.0
      '@girs/gjs': 3.3.0
      '@girs/glib-2.0': 2.78.0-3.3.0
      '@girs/gobject-2.0': 2.78.0-3.3.0

  '@girs/harfbuzz-0.0@8.2.1-3.3.0':
    dependencies:
      '@girs/freetype2-2.0': 2.0.0-3.3.0
      '@girs/gjs': 3.3.0
      '@girs/glib-2.0': 2.78.0-3.3.0
      '@girs/gobject-2.0': 2.78.0-3.3.0

  '@girs/nm-1.0@1.45.1-3.3.0':
    dependencies:
      '@girs/gio-2.0': 2.78.0-3.3.0
      '@girs/gjs': 3.3.0
      '@girs/glib-2.0': 2.78.0-3.3.0
      '@girs/gobject-2.0': 2.78.0-3.3.0

  '@girs/notify-0.7@0.8.3-3.3.0':
    dependencies:
      '@girs/gdkpixbuf-2.0': 2.0.0-3.3.0
      '@girs/gio-2.0': 2.78.0-3.3.0
      '@girs/gjs': 3.3.0
      '@girs/glib-2.0': 2.78.0-3.3.0
      '@girs/gmodule-2.0': 2.0.0-3.3.0
      '@girs/gobject-2.0': 2.78.0-3.3.0

  '@girs/pango-1.0@1.51.0-3.3.0':
    dependencies:
      '@girs/cairo-1.0': 1.0.0-3.3.0
      '@girs/freetype2-2.0': 2.0.0-3.3.0
      '@girs/gio-2.0': 2.78.0-3.3.0
      '@girs/gjs': 3.3.0
      '@girs/glib-2.0': 2.78.0-3.3.0
      '@girs/gobject-2.0': 2.78.0-3.3.0
      '@girs/harfbuzz-0.0': 8.2.1-3.3.0

  '@girs/soup-3.0@3.4.4-3.3.0':
    dependencies:
      '@girs/gio-2.0': 2.78.0-3.3.0
      '@girs/gjs': 3.3.0
      '@girs/glib-2.0': 2.78.0-3.3.0
      '@girs/gobject-2.0': 2.78.0-3.3.0

  '@girs/xlib-2.0@2.0.0-3.3.0':
    dependencies:
      '@girs/gjs': 3.3.0
      '@girs/gobject-2.0': 2.78.0-3.3.0

  typescript@5.5.2: {}
