lockfileVersion: '6.0'

settings:
  autoInstallPeers: true
  excludeLinksFromLockfile: false

devDependencies:
  '@catppuccin/palette':
    specifier: 1.1.0
    version: 1.1.0
  '@girs/atk-1.0':
    specifier: 2.50.1-3.2.9
    version: 2.50.1-3.2.9
  '@girs/cairo-1.0':
    specifier: 1.0.0-3.2.9
    version: 1.0.0-3.2.9
  '@girs/dbusmenu-0.4':
    specifier: 0.4.0-3.2.9
    version: 0.4.0-3.2.9
  '@girs/dbusmenugtk3-0.4':
    specifier: 0.4.0-3.2.9
    version: 0.4.0-3.2.9
  '@girs/freetype2-2.0':
    specifier: 2.0.0-3.2.9
    version: 2.0.0-3.2.9
  '@girs/gdk-2.0':
    specifier: 2.0.0-3.2.9
    version: 2.0.0-3.2.9
  '@girs/gdk-3.0':
    specifier: 3.24.41-3.2.9
    version: 3.24.41-3.2.9
  '@girs/gdkpixbuf-2.0':
    specifier: 2.0.0-3.2.9
    version: 2.0.0-3.2.9
  '@girs/gio-2.0':
    specifier: 2.78.0-3.2.9
    version: 2.78.0-3.2.9
  '@girs/gjs':
    specifier: 3.2.9
    version: 3.2.9
  '@girs/glib-2.0':
    specifier: 2.78.0-3.2.9
    version: 2.78.0-3.2.9
  '@girs/gmodule-2.0':
    specifier: 2.0.0-3.2.9
    version: 2.0.0-3.2.9
  '@girs/gobject-2.0':
    specifier: 2.78.0-3.2.9
    version: 2.78.0-3.2.9
  '@girs/gtk-3.0':
    specifier: 3.24.41-3.2.9
    version: 3.24.41-3.2.9
  '@girs/gvc-1.0':
    specifier: 1.0.0-3.2.9
    version: 1.0.0-3.2.9
  '@girs/nm-1.0':
    specifier: 1.45.1-3.2.9
    version: 1.45.1-3.2.9
  '@girs/notify-0.7':
    specifier: 0.8.3-3.2.9
    version: 0.8.3-3.2.9
  '@girs/pango-1.0':
    specifier: 1.51.0-3.2.9
    version: 1.51.0-3.2.9
  '@girs/soup-3.0':
    specifier: 3.4.4-3.2.9
    version: 3.4.4-3.2.9
  '@girs/xlib-2.0':
    specifier: 2.0.0-3.2.9
    version: 2.0.0-3.2.9
  typescript:
    specifier: 5.4.2
    version: 5.4.2

packages:

  /@catppuccin/palette@1.1.0:
    resolution: {integrity: sha512-ef3q3/MfdKc2EmUWiLrBrBKLFMGbukC1mzJh+QPINP7ovmUQycImSRjf/LMD4ti9lcu9NrYv4++zeoO2Z5lPxQ==}
    dev: true

  /@girs/atk-1.0@2.50.1-3.2.9:
    resolution: {integrity: sha512-8zhXFR/pCx0b8QMm759Z4JrHgNmO/Gc5K6OT5EhjkFbg9YMY2WCddDvL6GpFMSLdG7tvFzsOqE9KwL3avpoclA==}
    dependencies:
      '@girs/gjs': 3.2.9
      '@girs/glib-2.0': 2.78.0-3.2.9
      '@girs/gobject-2.0': 2.78.0-3.2.9
    dev: true

  /@girs/cairo-1.0@1.0.0-3.2.9:
    resolution: {integrity: sha512-yeBoeyniCKU3IcgpoKUywlviBx2kEVeYjglFw4v5eGGvaBugPWvlShqePxfNmfh2A4cjFzzdLXRN6brQEHgQEA==}
    dependencies:
      '@girs/gjs': 3.2.9
      '@girs/glib-2.0': 2.78.0-3.2.9
      '@girs/gobject-2.0': 2.78.0-3.2.9
    dev: true

  /@girs/dbusmenu-0.4@0.4.0-3.2.9:
    resolution: {integrity: sha512-OZQOuAuZQV4DIjnrFRsIAw/RLvJNNlKqwHDqGXJClJ7XfKr5/hWPGWln+xEoS53+R2oTa6WyblZrPrlQNdDnnw==}
    dependencies:
      '@girs/gjs': 3.2.9
      '@girs/glib-2.0': 2.78.0-3.2.9
      '@girs/gobject-2.0': 2.78.0-3.2.9
    dev: true

  /@girs/dbusmenugtk3-0.4@0.4.0-3.2.9:
    resolution: {integrity: sha512-eSVAy5fgHo2VyCfQMFplWeDbgWn+RvBZ/Tpm+LNcvNdY3tuYtS2HOmoRnCsf9THbv2scBQx92v7nLT8WrL8a4A==}
    dependencies:
      '@girs/atk-1.0': 2.50.1-3.2.9
      '@girs/cairo-1.0': 1.0.0-3.2.9
      '@girs/dbusmenu-0.4': 0.4.0-3.2.9
      '@girs/freetype2-2.0': 2.0.0-3.2.9
      '@girs/gdk-3.0': 3.24.41-3.2.9
      '@girs/gdkpixbuf-2.0': 2.0.0-3.2.9
      '@girs/gio-2.0': 2.78.0-3.2.9
      '@girs/gjs': 3.2.9
      '@girs/glib-2.0': 2.78.0-3.2.9
      '@girs/gmodule-2.0': 2.0.0-3.2.9
      '@girs/gobject-2.0': 2.78.0-3.2.9
      '@girs/gtk-3.0': 3.24.41-3.2.9
      '@girs/harfbuzz-0.0': 8.2.1-3.2.9
      '@girs/pango-1.0': 1.51.0-3.2.9
      '@girs/xlib-2.0': 2.0.0-3.2.9
    dev: true

  /@girs/freetype2-2.0@2.0.0-3.2.9:
    resolution: {integrity: sha512-Og9CTSl2QYnuCtX2L6rYa9WVUetYbaD1Y7BwEe3kOSG2OkDB+hunnF82x1Ctg1iKRRBXgWxadKb28bm2wKx/Jw==}
    dependencies:
      '@girs/gjs': 3.2.9
      '@girs/gobject-2.0': 2.78.0-3.2.9
    dev: true

  /@girs/gdk-2.0@2.0.0-3.2.9:
    resolution: {integrity: sha512-Pw6OZyfL6OZ+V9fMQc0CjArCFptNghnhzqKG920NGBI0wYr1teXdaoNfkRgoP8VRWmUNJflLGj7aeJpugD6g9g==}
    dependencies:
      '@girs/cairo-1.0': 1.0.0-3.2.9
      '@girs/freetype2-2.0': 2.0.0-3.2.9
      '@girs/gdkpixbuf-2.0': 2.0.0-3.2.9
      '@girs/gio-2.0': 2.78.0-3.2.9
      '@girs/gjs': 3.2.9
      '@girs/glib-2.0': 2.78.0-3.2.9
      '@girs/gmodule-2.0': 2.0.0-3.2.9
      '@girs/gobject-2.0': 2.78.0-3.2.9
      '@girs/harfbuzz-0.0': 8.2.1-3.2.9
      '@girs/pango-1.0': 1.51.0-3.2.9
    dev: true

  /@girs/gdk-3.0@3.24.41-3.2.9:
    resolution: {integrity: sha512-kvMPHvXQPNvT98XDPvS+B4Ep2cklhiWEt2Z5YUrCf0Ili+UeIFCrV4tsr/EFxwkSEDylizUyNVqDZg8Rj9BgIg==}
    dependencies:
      '@girs/cairo-1.0': 1.0.0-3.2.9
      '@girs/freetype2-2.0': 2.0.0-3.2.9
      '@girs/gdkpixbuf-2.0': 2.0.0-3.2.9
      '@girs/gio-2.0': 2.78.0-3.2.9
      '@girs/gjs': 3.2.9
      '@girs/glib-2.0': 2.78.0-3.2.9
      '@girs/gmodule-2.0': 2.0.0-3.2.9
      '@girs/gobject-2.0': 2.78.0-3.2.9
      '@girs/harfbuzz-0.0': 8.2.1-3.2.9
      '@girs/pango-1.0': 1.51.0-3.2.9
    dev: true

  /@girs/gdkpixbuf-2.0@2.0.0-3.2.9:
    resolution: {integrity: sha512-7guULwcaulcOvqvAB8pd6Xr9B2YmK1sQK6CYm5bHZQw9N18LnZkm9ATOAXjXLieaUSeERA6LnBPmtkLUZdeTzA==}
    dependencies:
      '@girs/gio-2.0': 2.78.0-3.2.9
      '@girs/gjs': 3.2.9
      '@girs/glib-2.0': 2.78.0-3.2.9
      '@girs/gmodule-2.0': 2.0.0-3.2.9
      '@girs/gobject-2.0': 2.78.0-3.2.9
    dev: true

  /@girs/gio-2.0@2.78.0-3.2.9:
    resolution: {integrity: sha512-A3F1AkBPF8Up6bSfH9zbAUsQqv4dB0jvfUIo5b+SJs6Mt9FhpqNEUMyqeCFTDKDA9n2sK6JxAJviwsW9dxViJA==}
    dependencies:
      '@girs/gjs': 3.2.9
      '@girs/glib-2.0': 2.78.0-3.2.9
      '@girs/gobject-2.0': 2.78.0-3.2.9
    dev: true

  /@girs/gjs@3.2.9:
    resolution: {integrity: sha512-dJfCNdtt4OLRywlhKOc+h27l5KoOiDhbhkuuG/WaV/jn9KaQ1BMAyVWdBEZu6WzPJlsiWYujis0fe5ZJnrgoDA==}
    dependencies:
      '@girs/glib-2.0': 2.78.0-3.2.9
      '@girs/gobject-2.0': 2.78.0-3.2.9
    dev: true

  /@girs/glib-2.0@2.78.0-3.2.9:
    resolution: {integrity: sha512-wcbnSojav6jc4//PYsAJPwXizFlz35/F+AHyFbvutOSdNz4xzzUUZqUhhH2lmoyR8WDvkVWBcQitCmYmPNe6Xg==}
    dependencies:
      '@girs/gjs': 3.2.9
      '@girs/gobject-2.0': 2.78.0-3.2.9
    dev: true

  /@girs/gmodule-2.0@2.0.0-3.2.9:
    resolution: {integrity: sha512-10JS6N7VkPxcom5I3hzD65NmZzQ63ZFmN+2KXZPwTDU6K2A2QrxZB2/3Q3j6KKNc+e/d9GhStL9ISUPLErHoNg==}
    dependencies:
      '@girs/gjs': 3.2.9
      '@girs/glib-2.0': 2.78.0-3.2.9
      '@girs/gobject-2.0': 2.78.0-3.2.9
    dev: true

  /@girs/gobject-2.0@2.78.0-3.2.9:
    resolution: {integrity: sha512-zszoqx7/z7KseQnc7WUXz1jgs3oYskT748cMKLQ7n4pRtL6klrTzlPbM42Szs+Uk6wOKJ+o+MMdcpb8znflDBg==}
    dependencies:
      '@girs/gjs': 3.2.9
      '@girs/glib-2.0': 2.78.0-3.2.9
    dev: true

  /@girs/gtk-3.0@3.24.41-3.2.9:
    resolution: {integrity: sha512-5xOrAgkFvJIEezMiwfrFm8+YMPq6BhVJlfc1hzLgsXNHw61vCxs2Pzkp/TVKpRKQYed/rVC62vInqel3LE+5uw==}
    dependencies:
      '@girs/atk-1.0': 2.50.1-3.2.9
      '@girs/cairo-1.0': 1.0.0-3.2.9
      '@girs/freetype2-2.0': 2.0.0-3.2.9
      '@girs/gdk-3.0': 3.24.41-3.2.9
      '@girs/gdkpixbuf-2.0': 2.0.0-3.2.9
      '@girs/gio-2.0': 2.78.0-3.2.9
      '@girs/gjs': 3.2.9
      '@girs/glib-2.0': 2.78.0-3.2.9
      '@girs/gmodule-2.0': 2.0.0-3.2.9
      '@girs/gobject-2.0': 2.78.0-3.2.9
      '@girs/harfbuzz-0.0': 8.2.1-3.2.9
      '@girs/pango-1.0': 1.51.0-3.2.9
      '@girs/xlib-2.0': 2.0.0-3.2.9
    dev: true

  /@girs/gvc-1.0@1.0.0-3.2.9:
    resolution: {integrity: sha512-AeuMkIS5jiCELliycQG8pok9AOSuWBznBOI8sAOoBQvcM0+W6MESai7YzCMNGfKARrJhcclPUihZOkGXvPcsjQ==}
    dependencies:
      '@girs/gio-2.0': 2.78.0-3.2.9
      '@girs/gjs': 3.2.9
      '@girs/glib-2.0': 2.78.0-3.2.9
      '@girs/gobject-2.0': 2.78.0-3.2.9
    dev: true

  /@girs/harfbuzz-0.0@8.2.1-3.2.9:
    resolution: {integrity: sha512-5o4Ow44ndt9Jnyp5vw6tWYSFESY/inH/3nNoWk1bWpG5TFxOwvW05RiSpdKXb4nTXaDWPBXLZF4Its9Q/GrW2w==}
    dependencies:
      '@girs/freetype2-2.0': 2.0.0-3.2.9
      '@girs/gjs': 3.2.9
      '@girs/glib-2.0': 2.78.0-3.2.9
      '@girs/gobject-2.0': 2.78.0-3.2.9
    dev: true

  /@girs/nm-1.0@1.45.1-3.2.9:
    resolution: {integrity: sha512-dLDgK4p3s2c0mPnShNk4N17ZO8Vl6/emfiru9U2CGfS6ydqPwkEkg4xKnLUYKudmOEzamkl1jMg6C/Wynp/yHg==}
    dependencies:
      '@girs/gio-2.0': 2.78.0-3.2.9
      '@girs/gjs': 3.2.9
      '@girs/glib-2.0': 2.78.0-3.2.9
      '@girs/gobject-2.0': 2.78.0-3.2.9
    dev: true

  /@girs/notify-0.7@0.8.3-3.2.9:
    resolution: {integrity: sha512-E6/RbXoQW0LIzN84ULtRBHtAOAE7A//LaDBsFbg8f2lj7QLq9dYVr3b4g44qBTJgUoq5AdLxkMasrIeNDBg8Dg==}
    dependencies:
      '@girs/gdkpixbuf-2.0': 2.0.0-3.2.9
      '@girs/gio-2.0': 2.78.0-3.2.9
      '@girs/gjs': 3.2.9
      '@girs/glib-2.0': 2.78.0-3.2.9
      '@girs/gmodule-2.0': 2.0.0-3.2.9
      '@girs/gobject-2.0': 2.78.0-3.2.9
    dev: true

  /@girs/pango-1.0@1.51.0-3.2.9:
    resolution: {integrity: sha512-dWIvPJoFnpgWQcflTyGhXN5TmlmW0OvTG6kjBFwVJLwT2H6vugUKk9665MvEQDywaeGZzdfrJqQo/oFplhVSBg==}
    dependencies:
      '@girs/cairo-1.0': 1.0.0-3.2.9
      '@girs/freetype2-2.0': 2.0.0-3.2.9
      '@girs/gio-2.0': 2.78.0-3.2.9
      '@girs/gjs': 3.2.9
      '@girs/glib-2.0': 2.78.0-3.2.9
      '@girs/gobject-2.0': 2.78.0-3.2.9
      '@girs/harfbuzz-0.0': 8.2.1-3.2.9
    dev: true

  /@girs/soup-3.0@3.4.4-3.2.9:
    resolution: {integrity: sha512-rp9EJjT8ywjRcpQ2LTpLPufIY+iOc8DW7s3YK+oWJ0P7ltdpSMagKjhc8ykGhP+aMKVyvCn+AF2nP/othMmhAQ==}
    dependencies:
      '@girs/gio-2.0': 2.78.0-3.2.9
      '@girs/gjs': 3.2.9
      '@girs/glib-2.0': 2.78.0-3.2.9
      '@girs/gobject-2.0': 2.78.0-3.2.9
    dev: true

  /@girs/xlib-2.0@2.0.0-3.2.9:
    resolution: {integrity: sha512-Y3NmwvWJS68ssj5VWdV6b2c6KP5ySoKj8LB7Ksz8tYCJpf/B712ZFuZQtKR5N5LOGVrTtRswtyvqVoeVm5h5gA==}
    dependencies:
      '@girs/gjs': 3.2.9
      '@girs/gobject-2.0': 2.78.0-3.2.9
    dev: true

  /typescript@5.4.2:
    resolution: {integrity: sha512-+2/g0Fds1ERlP6JsakQQDXjZdZMM+rqpamFZJEKh4kwTIn3iDkgKtby0CeNd5ATNZ4Ry1ax15TMx0W2V+miizQ==}
    engines: {node: '>=14.17'}
    hasBin: true
    dev: true
